{
  "originHash" : "17b63bd80cb2b04253110ddc6c715de3668b88ffe4c624a76141c54be29d942a",
  "pins" : [
    {
      "identity" : "swiftformat",
      "kind" : "remoteSourceControl",
      "location" : "https://github.com/nicklockwood/SwiftFormat.git",
      "state" : {
        "revision" : "22a472ced4c621a0e41b982a6f32dec868d09392",
        "version" : "0.59.1"
      }
    },
    {
      "identity" : "webp-spm",
      "kind" : "remoteSourceControl",
      "location" : "https://github.com/gewill/webp-spm.git",
      "state" : {
        "revision" : "c5d21d16f5d7cca8fd635869410644be9dd96522",
        "version" : "1.6.0"
      }
    }
  ],
  "version" : 3
}
