{
  "originHash" : "edf255a97ffaf6c88b410920c5ad1444cb748ab30d8feebe93df98a3ac1de207",
  "pins" : [
    {
      "identity" : "swiftformat",
      "kind" : "remoteSourceControl",
      "location" : "https://github.com/nicklockwood/SwiftFormat.git",
      "state" : {
        "revision" : "22a472ced4c621a0e41b982a6f32dec868d09392",
        "version" : "0.59.1"
      }
    },
    {
      "identity" : "webp-spm",
      "kind" : "remoteSourceControl",
      "location" : "https://github.com/gewill/webp-spm.git",
      "state" : {
        "revision" : "942873b31aba6e7793ede689cc6b933c80ccabf6",
        "version" : "1.6.1"
      }
    }
  ],
  "version" : 3
}
