{
  "originHash" : "d9d938e231f40f6403344ccf0e65cf56c31206ffdefd76a1c8886209ea208620",
  "pins" : [
    {
      "identity" : "swiftformat",
      "kind" : "remoteSourceControl",
      "location" : "https://github.com/nicklockwood/SwiftFormat.git",
      "state" : {
        "revision" : "22a472ced4c621a0e41b982a6f32dec868d09392",
        "version" : "0.59.1"
      }
    },
    {
      "identity" : "webp-spm",
      "kind" : "remoteSourceControl",
      "location" : "https://github.com/gewill/webp-spm.git",
      "state" : {
        "revision" : "b3f1dc16f5dd387e31cd74c2d7c562da6b6d9c4e",
        "version" : "1.6.0"
      }
    }
  ],
  "version" : 3
}
