{
  "originHash" : "d14273ff477314edda1f6c3786619e1cab7951cdb38488dfffad7d6240e081a7",
  "pins" : [
    {
      "identity" : "webp-spm",
      "kind" : "remoteSourceControl",
      "location" : "https://github.com/gewill/webp-spm.git",
      "state" : {
        "revision" : "b3f1dc16f5dd387e31cd74c2d7c562da6b6d9c4e",
        "version" : "1.6.0"
      }
    }
  ],
  "version" : 3
}
